[[package]]
category = "main"
description = "A small Python module for determining appropriate platform-specific dirs, e.g. a \"user data dir\"."
name = "appdirs"
optional = false
python-versions = "*"
version = "1.4.3"

[[package]]
category = "dev"
description = "Disable App Nap on OS X 10.9"
marker = "python_version >= \"3.4\" and sys_platform == \"darwin\""
name = "appnope"
optional = false
python-versions = "*"
version = "0.1.0"

[[package]]
category = "dev"
description = "An abstract syntax tree for Python with inference support."
name = "astroid"
optional = false
python-versions = ">=3.4.*"
version = "2.2.5"

[package.dependencies]
lazy-object-proxy = "*"
six = "*"
typed-ast = ">=1.3.0"
wrapt = "*"

[package.dependencies.typing]
python = "<3.5"
version = "*"

[[package]]
category = "dev"
description = "An abstract syntax tree for Python with inference support."
name = "astroid"
optional = false
python-versions = ">=3.5.*"
version = "2.3.3"

[package.dependencies]
lazy-object-proxy = ">=1.4.0,<1.5.0"
six = ">=1.12,<2.0"
wrapt = ">=1.11.0,<1.12.0"

[package.dependencies.typed-ast]
python = "<3.8"
version = ">=1.4.0,<1.5"

[[package]]
category = "dev"
description = "Atomic file writes."
name = "atomicwrites"
optional = false
python-versions = ">=2.7, !=3.0.*, !=3.1.*, !=3.2.*, !=3.3.*"
version = "1.3.0"

[[package]]
category = "dev"
description = "Classes Without Boilerplate"
name = "attrs"
optional = false
python-versions = ">=2.7, !=3.0.*, !=3.1.*, !=3.2.*, !=3.3.*"
version = "19.3.0"

[[package]]
category = "dev"
description = "Specifications for callback functions passed in to an API"
marker = "python_version >= \"3.4\""
name = "backcall"
optional = false
python-versions = "*"
version = "0.1.0"

[[package]]
category = "main"
description = "Cross-platform colored terminal text."
name = "colorama"
optional = false
python-versions = ">=2.7, !=3.0.*, !=3.1.*, !=3.2.*, !=3.3.*"
version = "0.4.1"

[[package]]
category = "dev"
description = "Decorators for Humans"
marker = "python_version >= \"3.4\""
name = "decorator"
optional = false
python-versions = ">=2.6, !=3.0.*, !=3.1.*"
version = "4.4.1"

[[package]]
category = "main"
description = "Pythonic argument parser, that will make you smile"
name = "docopt"
optional = false
python-versions = "*"
version = "0.6.2"

[[package]]
category = "main"
description = "Read Exif metadata from tiff and jpeg files."
name = "exifread"
optional = false
python-versions = "*"
version = "2.1.2"

[[package]]
category = "dev"
description = "Read metadata from Python packages"
marker = "python_version < \"3.8\""
name = "importlib-metadata"
optional = false
python-versions = ">=2.7,!=3.0,!=3.1,!=3.2,!=3.3"
version = "0.23"

[package.dependencies]
zipp = ">=0.5"

[[package]]
category = "dev"
description = "IPython-enabled pdb"
name = "ipdb"
optional = false
python-versions = ">=2.7"
version = "0.12.2"

[package.dependencies]
setuptools = "*"

[package.dependencies.ipython]
python = ">=3.4"
version = ">=5.1.0"

[[package]]
category = "dev"
description = "IPython: Productive Interactive Computing"
marker = "python_version >= \"3.4\""
name = "ipython"
optional = false
python-versions = ">=3.3"
version = "6.5.0"

[package.dependencies]
appnope = "*"
backcall = "*"
colorama = "*"
decorator = "*"
jedi = ">=0.10"
pexpect = "*"
pickleshare = "*"
prompt-toolkit = ">=1.0.15,<2.0.0"
pygments = "*"
setuptools = ">=18.5"
simplegeneric = ">0.8"
traitlets = ">=4.2"

[package.dependencies.typing]
python = "<3.5"
version = "*"

[package.dependencies.win-unicode-console]
python = "<3.6"
version = ">=0.5"

[[package]]
category = "dev"
description = "IPython: Productive Interactive Computing"
marker = "python_version >= \"3.4\""
name = "ipython"
optional = false
python-versions = ">=3.5"
version = "7.9.0"

[package.dependencies]
appnope = "*"
backcall = "*"
colorama = "*"
decorator = "*"
jedi = ">=0.10"
pexpect = "*"
pickleshare = "*"
prompt-toolkit = ">=2.0.0,<2.1.0"
pygments = "*"
setuptools = ">=18.5"
traitlets = ">=4.2"

[[package]]
category = "dev"
description = "Vestigial utilities from IPython"
marker = "python_version >= \"3.4\""
name = "ipython-genutils"
optional = false
python-versions = "*"
version = "0.2.0"

[[package]]
category = "dev"
description = "A Python utility / library to sort Python imports."
name = "isort"
optional = false
python-versions = ">=2.7, !=3.0.*, !=3.1.*, !=3.2.*, !=3.3.*"
version = "4.3.21"

[[package]]
category = "dev"
description = "An autocompletion tool for Python that can be used for text editors."
marker = "python_version >= \"3.4\""
name = "jedi"
optional = false
python-versions = ">=2.7, !=3.0.*, !=3.1.*, !=3.2.*, !=3.3.*"
version = "0.15.1"

[package.dependencies]
parso = ">=0.5.0"

[[package]]
category = "dev"
description = "A fast and thorough lazy object proxy."
name = "lazy-object-proxy"
optional = false
python-versions = ">=2.7, !=3.0.*, !=3.1.*, !=3.2.*, !=3.3.*"
version = "1.4.3"

[[package]]
category = "dev"
description = "McCabe checker, plugin for flake8"
name = "mccabe"
optional = false
python-versions = "*"
version = "0.6.1"

[[package]]
category = "dev"
description = "More routines for operating on iterables, beyond itertools"
marker = "python_version < \"3.8\" or python_version > \"2.7\""
name = "more-itertools"
optional = false
python-versions = ">=3.4"
version = "7.2.0"

[[package]]
category = "dev"
description = "Core utilities for Python packages"
name = "packaging"
optional = false
python-versions = ">=2.7, !=3.0.*, !=3.1.*, !=3.2.*, !=3.3.*"
version = "19.2"

[package.dependencies]
pyparsing = ">=2.0.2"
six = "*"

[[package]]
category = "dev"
description = "A Python Parser"
marker = "python_version >= \"3.4\""
name = "parso"
optional = false
python-versions = "*"
version = "0.5.1"

[[package]]
category = "main"
description = "Object-oriented filesystem paths"
marker = "python_version < \"3.6\""
name = "pathlib2"
optional = false
python-versions = "*"
version = "2.3.5"

[package.dependencies]
six = "*"

[package.dependencies.scandir]
python = "<3.5"
version = "*"

[[package]]
category = "dev"
description = "Pexpect allows easy control of interactive console applications."
marker = "python_version >= \"3.4\" and sys_platform != \"win32\""
name = "pexpect"
optional = false
python-versions = "*"
version = "4.7.0"

[package.dependencies]
ptyprocess = ">=0.5"

[[package]]
category = "dev"
description = "Tiny 'shelve'-like database with concurrency support"
marker = "python_version >= \"3.4\""
name = "pickleshare"
optional = false
python-versions = "*"
version = "0.7.5"

[[package]]
category = "dev"
description = "plugin and hook calling mechanisms for python"
name = "pluggy"
optional = false
python-versions = ">=2.7, !=3.0.*, !=3.1.*, !=3.2.*, !=3.3.*"
version = "0.13.1"

[package.dependencies]
[package.dependencies.importlib-metadata]
python = "<3.8"
version = ">=0.12"

[[package]]
category = "dev"
description = "Library for building powerful interactive command lines in Python"
marker = "python_version >= \"3.4\""
name = "prompt-toolkit"
optional = false
python-versions = "*"
version = "1.0.18"

[package.dependencies]
six = ">=1.9.0"
wcwidth = "*"

[[package]]
category = "dev"
description = "Library for building powerful interactive command lines in Python"
marker = "python_version >= \"3.4\""
name = "prompt-toolkit"
optional = false
python-versions = ">=2.6, !=3.0.*, !=3.1.*, !=3.2.*"
version = "2.0.10"

[package.dependencies]
six = ">=1.9.0"
wcwidth = "*"

[[package]]
category = "dev"
description = "Run a subprocess in a pseudo terminal"
marker = "python_version >= \"3.4\" and sys_platform != \"win32\""
name = "ptyprocess"
optional = false
python-versions = "*"
version = "0.6.0"

[[package]]
category = "dev"
description = "library with cross-python path, ini-parsing, io, code, log facilities"
name = "py"
optional = false
python-versions = ">=2.7, !=3.0.*, !=3.1.*, !=3.2.*, !=3.3.*"
version = "1.8.0"

[[package]]
category = "dev"
description = "Pygments is a syntax highlighting package written in Python."
marker = "python_version >= \"3.4\""
name = "pygments"
optional = false
python-versions = "*"
version = "2.3.1"

[[package]]
category = "dev"
description = "Pygments is a syntax highlighting package written in Python."
marker = "python_version >= \"3.4\""
name = "pygments"
optional = false
python-versions = ">=2.7, !=3.0.*, !=3.1.*, !=3.2.*, !=3.3.*, !=3.4.*"
version = "2.5.0"

[[package]]
category = "dev"
description = "python code static checker"
name = "pylint"
optional = false
python-versions = ">=3.4.*"
version = "2.3.1"

[package.dependencies]
astroid = ">=2.2.0,<3"
colorama = "*"
isort = ">=4.2.5,<5"
mccabe = ">=0.6,<0.7"

[[package]]
category = "dev"
description = "python code static checker"
name = "pylint"
optional = false
python-versions = ">=3.5.*"
version = "2.4.4"

[package.dependencies]
astroid = ">=2.3.0,<2.4"
colorama = "*"
isort = ">=4.2.5,<5"
mccabe = ">=0.6,<0.7"

[[package]]
category = "dev"
description = "Python parsing module"
name = "pyparsing"
optional = false
python-versions = ">=2.6, !=3.0.*, !=3.1.*, !=3.2.*"
version = "2.4.5"

[[package]]
category = "dev"
description = "pytest: simple powerful testing with Python"
name = "pytest"
optional = false
python-versions = "!=3.0.*,!=3.1.*,!=3.2.*,!=3.3.*,>=2.7"
version = "4.6.6"

[package.dependencies]
atomicwrites = ">=1.0"
attrs = ">=17.4.0"
colorama = "*"
packaging = "*"
pluggy = ">=0.12,<1.0"
py = ">=1.5.0"
six = ">=1.10.0"
wcwidth = "*"

[package.dependencies.importlib-metadata]
python = "<3.8"
version = ">=0.12"

[package.dependencies.more-itertools]
python = ">=2.8"
version = ">=4.0.0"

[package.dependencies.pathlib2]
python = "<3.6"
version = ">=2.2.0"

[[package]]
category = "main"
description = "YAML parser and emitter for Python"
name = "pyyaml"
optional = false
python-versions = ">=2.7, !=3.0.*, !=3.1.*, !=3.2.*, !=3.3.*"
version = "5.1.2"

[[package]]
category = "main"
description = "scandir, a better directory iterator and faster os.walk()"
marker = "python_version < \"3.5\""
name = "scandir"
optional = false
python-versions = "*"
version = "1.10.0"

[[package]]
category = "main"
description = "Send file to trash natively under Mac OS X, Windows and Linux."
name = "send2trash"
optional = false
python-versions = "*"
version = "1.5.0"

[[package]]
category = "dev"
description = "Simple generic functions (similar to Python's own len(), pickle.dump(), etc.)"
marker = "python_version >= \"3.4\""
name = "simplegeneric"
optional = false
python-versions = "*"
version = "0.8.1"

[[package]]
category = "main"
description = "Python 2 and 3 compatibility utilities"
name = "six"
optional = false
python-versions = ">=2.6, !=3.0.*, !=3.1.*"
version = "1.13.0"

[[package]]
category = "dev"
description = "Traitlets Python config system"
marker = "python_version >= \"3.4\""
name = "traitlets"
optional = false
python-versions = "*"
version = "4.3.3"

[package.dependencies]
decorator = "*"
ipython-genutils = "*"
six = "*"

[[package]]
category = "dev"
description = "a fork of Python 2 and 3 ast modules with type comment support"
marker = "implementation_name == \"cpython\" and python_version < \"3.8\" or implementation_name == \"cpython\""
name = "typed-ast"
optional = false
python-versions = "*"
version = "1.4.0"

[[package]]
category = "main"
description = "Type Hints for Python"
marker = "python_version >= \"3.4\" and python_version <= \"3.4\" or python_version < \"3.5\""
name = "typing"
optional = false
python-versions = "*"
version = "3.7.4.1"

[[package]]
category = "dev"
description = "Measures number of Terminal column cells of wide-character codes"
name = "wcwidth"
optional = false
python-versions = "*"
version = "0.1.7"

[[package]]
category = "dev"
description = "Enable Unicode input and display when running Python from Windows console."
marker = "sys_platform == \"win32\" and python_version < \"3.6\" and python_version >= \"3.4\""
name = "win-unicode-console"
optional = false
python-versions = "*"
version = "0.5"

[[package]]
category = "dev"
description = "Module for decorators, wrappers and monkey patching."
name = "wrapt"
optional = false
python-versions = "*"
version = "1.11.2"

[[package]]
category = "dev"
description = "Backport of pathlib-compatible object wrapper for zip files"
marker = "python_version < \"3.8\""
name = "zipp"
optional = false
python-versions = ">=2.7"
version = "0.6.0"

[package.dependencies]
more-itertools = "*"

[metadata]
content-hash = "df1047268d1788cbd2ce095bbb14757c0d2233b0b47e210a95586e7254c5dc3e"
python-versions = "^3.4"

[metadata.hashes]
appdirs = ["9e5896d1372858f8dd3344faf4e5014d21849c756c8d5701f78f8a103b372d92", "d8b24664561d0d34ddfaec54636d502d7cea6e29c3eaf68f3df6180863e2166e"]
appnope = ["5b26757dc6f79a3b7dc9fab95359328d5747fcb2409d331ea66d0272b90ab2a0", "8b995ffe925347a2138d7ac0fe77155e4311a0ea6d6da4f5128fe4b3cbe5ed71"]
astroid = ["6560e1e1749f68c64a4b5dee4e091fce798d2f0d84ebe638cf0e0585a343acf4", "b65db1bbaac9f9f4d190199bb8680af6f6f84fd3769a5ea883df8a91fe68b4c4", "71ea07f44df9568a75d0f354c49143a4575d90645e9fead6dfb52c26a85ed13a", "840947ebfa8b58f318d42301cf8c0a20fd794a33b61cc4638e28e9e61ba32f42"]
atomicwrites = ["03472c30eb2c5d1ba9227e4c2ca66ab8287fbfbbda3888aa93dc2e28fc6811b4", "75a9445bac02d8d058d5e1fe689654ba5a6556a1dfd8ce6ec55a0ed79866cfa6"]
attrs = ["08a96c641c3a74e44eb59afb61a24f2cb9f4d7188748e76ba4bb5edfa3cb7d1c", "f7b7ce16570fe9965acd6d30101a28f62fb4a7f9e926b3bbc9b61f8b04247e72"]
backcall = ["38ecd85be2c1e78f77fd91700c76e14667dc21e2713b63876c0eb901196e01e4", "bbbf4b1e5cd2bdb08f915895b51081c041bac22394fdfcfdfbe9f14b77c08bf2"]
colorama = ["05eed71e2e327246ad6b38c540c4a3117230b19679b875190486ddd2d721422d", "f8ac84de7840f5b9c4e3347b3c1eaa50f7e49c2b07596221daec5edaabbd7c48"]
decorator = ["54c38050039232e1db4ad7375cfce6748d7b41c29e95a081c8a6d2c30364a2ce", "5d19b92a3c8f7f101c8dd86afd86b0f061a8ce4540ab8cd401fa2542756bce6d"]
docopt = ["49b3a825280bd66b3aa83585ef59c4a8c82f2c8a522dbe754a8bc8d08c85c491"]
exifread = ["4aa9d227db5c4cd65d87520076140a6f84e33363e08e649b87c7afec6bab60ab", "79e244f2eb466709029e8806fe5e2cdd557870c3db5f68954db0ef548d9320ad"]
importlib-metadata = ["aa18d7378b00b40847790e7c27e11673d7fed219354109d0e7b9e5b25dc3ad26", "d5f18a79777f3aa179c145737780282e27b508fc8fd688cb17c7a813e8bd39af"]
ipdb = ["473fdd798a099765f093231a8b1fabfa95b0b682fce12de0c74b61a4b4d8ee57"]
ipython = ["007dcd929c14631f83daff35df0147ea51d1af420da303fd078343878bd5fb62", "b0f2ef9eada4a68ef63ee10b6dde4f35c840035c50fd24265f8052c98947d5a4", "dfd303b270b7b5232b3d08bd30ec6fd685d8a58cabd54055e3d69d8f029f7280", "ed7ebe1cba899c1c3ccad6f7f1c2d2369464cc77dba8eebc65e2043e19cda995"]
ipython-genutils = ["72dd37233799e619666c9f639a9da83c34013a73e8bbc79a7a6348d93c61fab8", "eb2e116e75ecef9d4d228fdc66af54269afa26ab4463042e33785b887c628ba8"]
isort = ["54da7e92468955c4fceacd0c86bd0ec997b0e1ee80d97f67c35a78b719dccab1", "6e811fcb295968434526407adb8796944f1988c5b65e8139058f2014cbe100fd"]
jedi = ["786b6c3d80e2f06fd77162a07fed81b8baa22dde5d62896a790a331d6ac21a27", "ba859c74fa3c966a22f2aeebe1b74ee27e2a462f56d3f5f7ca4a59af61bfe42e"]
lazy-object-proxy = ["0c4b206227a8097f05c4dbdd323c50edf81f15db3b8dc064d08c62d37e1a504d", "194d092e6f246b906e8f70884e620e459fc54db3259e60cf69a4d66c3fda3449", "1be7e4c9f96948003609aa6c974ae59830a6baecc5376c25c92d7d697e684c08", "4677f594e474c91da97f489fea5b7daa17b5517190899cf213697e48d3902f5a", "48dab84ebd4831077b150572aec802f303117c8cc5c871e182447281ebf3ac50", "5541cada25cd173702dbd99f8e22434105456314462326f06dba3e180f203dfd", "59f79fef100b09564bc2df42ea2d8d21a64fdcda64979c0fa3db7bdaabaf6239", "8d859b89baf8ef7f8bc6b00aa20316483d67f0b1cbf422f5b4dc56701c8f2ffb", "9254f4358b9b541e3441b007a0ea0764b9d056afdeafc1a5569eee1cc6c1b9ea", "9651375199045a358eb6741df3e02a651e0330be090b3bc79f6d0de31a80ec3e", "97bb5884f6f1cdce0099f86b907aa41c970c3c672ac8b9c8352789e103cf3156", "9b15f3f4c0f35727d3a0fba4b770b3c4ebbb1fa907dbcc046a1d2799f3edd142", "a2238e9d1bb71a56cd710611a1614d1194dc10a175c1e08d75e1a7bcc250d442", "a6ae12d08c0bf9909ce12385803a543bfe99b95fe01e752536a60af2b7797c62", "ca0a928a3ddbc5725be2dd1cf895ec0a254798915fb3a36af0964a0a4149e3db", "cb2c7c57005a6804ab66f106ceb8482da55f5314b7fcb06551db1edae4ad1531", "d74bb8693bf9cf75ac3b47a54d716bbb1a92648d5f781fc799347cfc95952383", "d945239a5639b3ff35b70a88c5f2f491913eb94871780ebfabb2568bd58afc5a", "eba7011090323c1dadf18b3b689845fd96a61ba0a1dfbd7f24b921398affc357", "efa1909120ce98bbb3777e8b6f92237f5d5c8ea6758efea36a473e1d38f7d3e4", "f3900e8a5de27447acbf900b4750b0ddfd7ec1ea7fbaf11dfa911141bc522af0"]
mccabe = ["ab8a6258860da4b6677da4bd2fe5dc2c659cff31b3ee4f7f5d64e79735b80d42", "dd8d182285a0fe56bace7f45b5e7d1a6ebcbf524e8f3bd87eb0f125271b8831f"]
more-itertools = ["409cd48d4db7052af495b09dec721011634af3753ae1ef92d2b32f73a745f832", "92b8c4b06dac4f0611c0729b2f2ede52b2e1bac1ab48f089c7ddc12e26bb60c4"]
packaging = ["28b924174df7a2fa32c1953825ff29c61e2f5e082343165438812f00d3a7fc47", "d9551545c6d761f3def1677baf08ab2a3ca17c56879e70fecba2fc4dde4ed108"]
parso = ["63854233e1fadb5da97f2744b6b24346d2750b85965e7e399bec1620232797dc", "666b0ee4a7a1220f65d367617f2cd3ffddff3e205f3f16a0284df30e774c2a9c"]
pathlib2 = ["0ec8205a157c80d7acc301c0b18fbd5d44fe655968f5d947b6ecef5290fc35db", "6cd9a47b597b37cc57de1c05e56fb1a1c9cc9fab04fe78c29acd090418529868"]
pexpect = ["2094eefdfcf37a1fdbfb9aa090862c1a4878e5c7e0e7e7088bdb511c558e5cd1", "9e2c1fd0e6ee3a49b28f95d4b33bc389c89b20af6a1255906e90ff1262ce62eb"]
pickleshare = ["87683d47965c1da65cdacaf31c8441d12b8044cdec9aca500cd78fc2c683afca", "9649af414d74d4df115d5d718f82acb59c9d418196b7b4290ed47a12ce62df56"]
pluggy = ["15b2acde666561e1298d71b523007ed7364de07029219b604cf808bfa1c765b0", "966c145cd83c96502c3c3868f50408687b38434af77734af1e9ca461a4081d2d"]
prompt-toolkit = ["37925b37a4af1f6448c76b7606e0285f79f434ad246dda007a27411cca730c6d", "dd4fca02c8069497ad931a2d09914c6b0d1b50151ce876bc15bde4c747090126", "f7eec66105baf40eda9ab026cd8b2e251337eea8d111196695d82e0c5f0af852", "46642344ce457641f28fc9d1c9ca939b63dadf8df128b86f1b9860e59c73a5e4", "e7f8af9e3d70f514373bf41aa51bc33af12a6db3f71461ea47fea985defb2c31", "f15af68f66e664eaa559d4ac8a928111eebd5feda0c11738b5998045224829db"]
ptyprocess = ["923f299cc5ad920c68f2bc0bc98b75b9f838b93b599941a6b63ddbc2476394c0", "d7cc528d76e76342423ca640335bd3633420dc1366f258cb31d05e865ef5ca1f"]
py = ["64f65755aee5b381cea27766a3a147c3f15b9b6b9ac88676de66ba2ae36793fa", "dc639b046a6e2cff5bbe40194ad65936d6ba360b52b3c3fe1d08a82dd50b5e53"]
pygments = ["5ffada19f6203563680669ee7f53b64dabbeb100eb51b61996085e99c03b284a", "e8218dd399a61674745138520d0d4cf2621d7e032439341bc3f647bff125818d", "a1cfe41228f8eee128bc841f25e625e2ea8b7c5f2835be76b5b6e1f0f2e2730c", "cdc7a45df8c489a965948fb4d26d8411927bae48771519c61ebca88d076a5aae"]
pylint = ["5d77031694a5fb97ea95e828c8d10fc770a1df6eb3906067aaed42201a8a6a09", "723e3db49555abaf9bf79dc474c6b9e2935ad82230b10c1138a71ea41ac0fff1", "3db5468ad013380e987410a8d6956226963aed94ecb5f9d3a28acca6d9ac36cd", "886e6afc935ea2590b462664b161ca9a5e40168ea99e5300935f6591ad467df4"]
pyparsing = ["20f995ecd72f2a1f4bf6b072b63b22e2eb457836601e76d6e5dfcd75436acc1f", "4ca62001be367f01bd3e92ecbb79070272a9d4964dce6a48a82ff0b8bc7e683a"]
pytest = ["5d0d20a9a66e39b5845ab14f8989f3463a7aa973700e6cdf02db69da9821e738", "692d9351353ef709c1126266579edd4fd469dcf6b5f4f583050f72161d6f3592"]
pyyaml = ["0113bc0ec2ad727182326b61326afa3d1d8280ae1122493553fd6f4397f33df9", "01adf0b6c6f61bd11af6e10ca52b7d4057dd0be0343eb9283c878cf3af56aee4", "5124373960b0b3f4aa7df1707e63e9f109b5263eca5976c66e08b1c552d4eaf8", "5ca4f10adbddae56d824b2c09668e91219bb178a1eee1faa56af6f99f11bf696", "7907be34ffa3c5a32b60b95f4d95ea25361c951383a894fec31be7252b2b6f34", "7ec9b2a4ed5cad025c2278a1e6a19c011c80a3caaac804fd2d329e9cc2c287c9", "87ae4c829bb25b9fe99cf71fbb2140c448f534e24c998cc60f39ae4f94396a73", "9de9919becc9cc2ff03637872a440195ac4241c80536632fffeb6a1e25a74299", "a5a85b10e450c66b49f98846937e8cfca1db3127a9d5d1e31ca45c3d0bef4c5b", "b0997827b4f6a7c286c01c5f60384d218dca4ed7d9efa945c3e1aa623d5709ae", "b631ef96d3222e62861443cc89d6563ba3eeb816eeb96b2629345ab795e53681", "bf47c0607522fdbca6c9e817a6e81b08491de50f3766a7a0e6a5be7905961b41", "f81025eddd0327c7d4cfe9b62cf33190e1e736cc6e97502b3ec425f574b3e7a8"]
scandir = ["2586c94e907d99617887daed6c1d102b5ca28f1085f90446554abf1faf73123e", "2ae41f43797ca0c11591c0c35f2f5875fa99f8797cb1a1fd440497ec0ae4b022", "2b8e3888b11abb2217a32af0766bc06b65cc4a928d8727828ee68af5a967fa6f", "2c712840c2e2ee8dfaf36034080108d30060d759c7b73a01a52251cc8989f11f", "4d4631f6062e658e9007ab3149a9b914f3548cb38bfb021c64f39a025ce578ae", "67f15b6f83e6507fdc6fca22fedf6ef8b334b399ca27c6b568cbfaa82a364173", "7d2d7a06a252764061a020407b997dd036f7bd6a175a5ba2b345f0a357f0b3f4", "8c5922863e44ffc00c5c693190648daa6d15e7c1207ed02d6f46a8dcc2869d32", "92c85ac42f41ffdc35b6da57ed991575bdbe69db895507af88b9f499b701c188", "b24086f2375c4a094a6b51e78b4cf7ca16c721dcee2eddd7aa6494b42d6d519d", "cb925555f43060a1745d0a321cca94bcea927c50114b623d73179189a4e100ac"]
send2trash = ["60001cc07d707fe247c94f74ca6ac0d3255aabcb930529690897ca2a39db28b2", "f1691922577b6fa12821234aeb57599d887c4900b9ca537948d2dac34aea888b"]
simplegeneric = ["dc972e06094b9af5b855b3df4a646395e43d1c9d0d39ed345b7393560d0b9173"]
six = ["1f1b7d42e254082a9db6279deae68afb421ceba6158efa6131de7b3003ee93fd", "30f610279e8b2578cab6db20741130331735c781b56053c59c4076da27f06b66"]
traitlets = ["70b4c6a1d9019d7b4f6846832288f86998aa3b9207c6821f3578a6a6a467fe44", "d023ee369ddd2763310e4c3eae1ff649689440d4ae59d7485eb4cfbbe3e359f7"]
typed-ast = ["1170afa46a3799e18b4c977777ce137bb53c7485379d9706af8a59f2ea1aa161", "18511a0b3e7922276346bcb47e2ef9f38fb90fd31cb9223eed42c85d1312344e", "262c247a82d005e43b5b7f69aff746370538e176131c32dda9cb0f324d27141e", "2b907eb046d049bcd9892e3076c7a6456c93a25bebfe554e931620c90e6a25b0", "354c16e5babd09f5cb0ee000d54cfa38401d8b8891eefa878ac772f827181a3c", "48e5b1e71f25cfdef98b013263a88d7145879fbb2d5185f2a0c79fa7ebbeae47", "4e0b70c6fc4d010f8107726af5fd37921b666f5b31d9331f0bd24ad9a088e631", "630968c5cdee51a11c05a30453f8cd65e0cc1d2ad0d9192819df9978984529f4", "66480f95b8167c9c5c5c87f32cf437d585937970f3fc24386f313a4c97b44e34", "71211d26ffd12d63a83e079ff258ac9d56a1376a25bc80b1cdcdf601b855b90b", "7954560051331d003b4e2b3eb822d9dd2e376fa4f6d98fee32f452f52dd6ebb2", "838997f4310012cf2e1ad3803bce2f3402e9ffb71ded61b5ee22617b3a7f6b6e", "95bd11af7eafc16e829af2d3df510cecfd4387f6453355188342c3e79a2ec87a", "bc6c7d3fa1325a0c6613512a093bc2a2a15aeec350451cbdf9e1d4bffe3e3233", "cc34a6f5b426748a507dd5d1de4c1978f2eb5626d51326e43280941206c209e1", "d755f03c1e4a51e9b24d899561fec4ccaf51f210d52abdf8c07ee2849b212a36", "d7c45933b1bdfaf9f36c579671fec15d25b06c8398f113dab64c18ed1adda01d", "d896919306dd0aa22d0132f62a1b78d11aaf4c9fc5b3410d3c666b818191630a", "fdc1c9bbf79510b76408840e009ed65958feba92a88833cdceecff93ae8fff66", "ffde2fbfad571af120fcbfbbc61c72469e72f550d676c3342492a9dfdefb8f12"]
typing = ["91dfe6f3f706ee8cc32d38edbbf304e9b7583fb37108fef38229617f8b3eba23", "c8cabb5ab8945cd2f54917be357d134db9cc1eb039e59d1606dc1e60cb1d9d36", "f38d83c5a7a7086543a0f649564d661859c5146a85775ab90c0d2f93ffaa9714"]
wcwidth = ["3df37372226d6e63e1b1e1eda15c594bca98a22d33a23832a90998faa96bc65e", "f4ebe71925af7b40a864553f761ed559b43544f8f71746c2d756c7fe788ade7c"]
win-unicode-console = ["d4142d4d56d46f449d6f00536a73625a871cba040f0bc1a2e305a04578f07d1e"]
wrapt = ["565a021fd19419476b9362b05eeaa094178de64f8361e44468f9e9d7843901e1"]
zipp = ["3718b1cbcd963c7d4c5511a8240812904164b7f381b647143a89d3b98f9bcd8e", "f06903e9f1f43b12d371004b4ac7b06ab39a44adc747266928ae6debfa7b3335"]
